
Microsoft Visual Studio Solution File, Format Version 12.00
# Visual Studio 14
VisualStudioVersion = 14.0.25123.0
MinimumVisualStudioVersion = 10.0.40219.1
Project("{FAE04EC0-301F-11D3-BF4B-00C04F79EFBC}") = "UIAtomsDemo.Droid", "UIAtomsDemo\UIAtomsDemo.Droid\UIAtomsDemo.Droid.csproj", "{6E90F7F6-60CD-4112-BCC6-87D6A6E5D8A0}"
EndProject
Project("{D954291E-2A0B-460D-934E-DC6B0785DB48}") = "UIAtomsDemo", "UIAtomsDemo\UIAtomsDemo\UIAtomsDemo.shproj", "{D136D210-8D15-4352-A368-212286511121}"
EndProject
Project("{D954291E-2A0B-460D-934E-DC6B0785DB48}") = "Form", "Form\Form.shproj", "{08D8E865-EE8C-49A0-BD6C-3FAA8154BF9D}"
EndProject
Project("{D954291E-2A0B-460D-934E-DC6B0785DB48}") = "ComboBox", "ComboBox\ComboBox.shproj", "{0B1A7D6F-144E-4EE9-84A6-5B199FEB9DC3}"
EndProject
Project("{D954291E-2A0B-460D-934E-DC6B0785DB48}") = "GridView", "GridView\GridView.shproj", "{6F68DC67-6631-4A7A-BA7D-74F6B3073704}"
EndProject
Project("{D954291E-2A0B-460D-934E-DC6B0785DB48}") = "ToggleButtonBar", "ToggleButtonBar\ToggleButtonBar.shproj", "{344F2617-A430-4784-A3DD-D908D63E9E30}"
EndProject
Project("{D954291E-2A0B-460D-934E-DC6B0785DB48}") = "UIAtomsDemo.RestServices", "UIAtomsDemo.RestServices\UIAtomsDemo.RestServices.shproj", "{1E022FF6-2609-42F9-8885-4FB90F9942ED}"
EndProject
Project("{D954291E-2A0B-460D-934E-DC6B0785DB48}") = "UIAtomsDemo.RestServices.Mock", "UIAtomsDemo.RestServices.Mock\UIAtomsDemo.RestServices.Mock.shproj", "{5AED3EB6-7E29-4308-9D68-6117E771EAE5}"
EndProject
Project("{2150E333-8FDC-42A3-9474-1A3956D46DE8}") = "Solution Items", "Solution Items", "{183D58AC-CFE1-47A6-8C9A-1429170B5EEC}"
	ProjectSection(SolutionItems) = preProject
		README.md = README.md
	EndProjectSection
EndProject
Global
	GlobalSection(SharedMSBuildProjectFiles) = preSolution
		UIAtomsDemo.RestServices.Mock\UIAtomsDemo.RestServices.Mock.projitems*{6e90f7f6-60cd-4112-bcc6-87d6a6e5d8a0}*SharedItemsImports = 4
		UIAtomsDemo.RestServices\UIAtomsDemo.RestServices.projitems*{6e90f7f6-60cd-4112-bcc6-87d6a6e5d8a0}*SharedItemsImports = 4
		ToggleButtonBar\ToggleButtonBar.projitems*{6e90f7f6-60cd-4112-bcc6-87d6a6e5d8a0}*SharedItemsImports = 4
		Form\Form.projitems*{6e90f7f6-60cd-4112-bcc6-87d6a6e5d8a0}*SharedItemsImports = 4
		GridView\GridView.projitems*{6e90f7f6-60cd-4112-bcc6-87d6a6e5d8a0}*SharedItemsImports = 4
		ComboBox\ComboBox.projitems*{6e90f7f6-60cd-4112-bcc6-87d6a6e5d8a0}*SharedItemsImports = 4
		UIAtomsDemo\UIAtomsDemo\UIAtomsDemo.projitems*{6e90f7f6-60cd-4112-bcc6-87d6a6e5d8a0}*SharedItemsImports = 4
		Form\Form.projitems*{08d8e865-ee8c-49a0-bd6c-3faa8154bf9d}*SharedItemsImports = 13
		ComboBox\ComboBox.projitems*{0b1a7d6f-144e-4ee9-84a6-5b199feb9dc3}*SharedItemsImports = 13
		UIAtomsDemo.RestServices.Mock\UIAtomsDemo.RestServices.Mock.projitems*{5aed3eb6-7e29-4308-9d68-6117e771eae5}*SharedItemsImports = 13
		ToggleButtonBar\ToggleButtonBar.projitems*{344f2617-a430-4784-a3dd-d908d63e9e30}*SharedItemsImports = 13
		UIAtomsDemo.RestServices\UIAtomsDemo.RestServices.projitems*{1e022ff6-2609-42f9-8885-4fb90f9942ed}*SharedItemsImports = 13
		UIAtomsDemo\UIAtomsDemo\UIAtomsDemo.projitems*{d136d210-8d15-4352-a368-212286511121}*SharedItemsImports = 13
		GridView\GridView.projitems*{6f68dc67-6631-4a7a-ba7d-74f6b3073704}*SharedItemsImports = 13
	EndGlobalSection
	GlobalSection(SolutionConfigurationPlatforms) = preSolution
		Ad-Hoc|Any CPU = Ad-Hoc|Any CPU
		Ad-Hoc|iPhone = Ad-Hoc|iPhone
		Ad-Hoc|iPhoneSimulator = Ad-Hoc|iPhoneSimulator
		AppStore|Any CPU = AppStore|Any CPU
		AppStore|iPhone = AppStore|iPhone
		AppStore|iPhoneSimulator = AppStore|iPhoneSimulator
		Debug|Any CPU = Debug|Any CPU
		Debug|iPhone = Debug|iPhone
		Debug|iPhoneSimulator = Debug|iPhoneSimulator
		Release|Any CPU = Release|Any CPU
		Release|iPhone = Release|iPhone
		Release|iPhoneSimulator = Release|iPhoneSimulator
	EndGlobalSection
	GlobalSection(ProjectConfigurationPlatforms) = postSolution
		{6E90F7F6-60CD-4112-BCC6-87D6A6E5D8A0}.Ad-Hoc|Any CPU.ActiveCfg = Release|Any CPU
		{6E90F7F6-60CD-4112-BCC6-87D6A6E5D8A0}.Ad-Hoc|Any CPU.Build.0 = Release|Any CPU
		{6E90F7F6-60CD-4112-BCC6-87D6A6E5D8A0}.Ad-Hoc|Any CPU.Deploy.0 = Release|Any CPU
		{6E90F7F6-60CD-4112-BCC6-87D6A6E5D8A0}.Ad-Hoc|iPhone.ActiveCfg = Release|Any CPU
		{6E90F7F6-60CD-4112-BCC6-87D6A6E5D8A0}.Ad-Hoc|iPhone.Build.0 = Release|Any CPU
		{6E90F7F6-60CD-4112-BCC6-87D6A6E5D8A0}.Ad-Hoc|iPhone.Deploy.0 = Release|Any CPU
		{6E90F7F6-60CD-4112-BCC6-87D6A6E5D8A0}.Ad-Hoc|iPhoneSimulator.ActiveCfg = Release|Any CPU
		{6E90F7F6-60CD-4112-BCC6-87D6A6E5D8A0}.Ad-Hoc|iPhoneSimulator.Build.0 = Release|Any CPU
		{6E90F7F6-60CD-4112-BCC6-87D6A6E5D8A0}.Ad-Hoc|iPhoneSimulator.Deploy.0 = Release|Any CPU
		{6E90F7F6-60CD-4112-BCC6-87D6A6E5D8A0}.AppStore|Any CPU.ActiveCfg = Release|Any CPU
		{6E90F7F6-60CD-4112-BCC6-87D6A6E5D8A0}.AppStore|Any CPU.Build.0 = Release|Any CPU
		{6E90F7F6-60CD-4112-BCC6-87D6A6E5D8A0}.AppStore|Any CPU.Deploy.0 = Release|Any CPU
		{6E90F7F6-60CD-4112-BCC6-87D6A6E5D8A0}.AppStore|iPhone.ActiveCfg = Release|Any CPU
		{6E90F7F6-60CD-4112-BCC6-87D6A6E5D8A0}.AppStore|iPhone.Build.0 = Release|Any CPU
		{6E90F7F6-60CD-4112-BCC6-87D6A6E5D8A0}.AppStore|iPhone.Deploy.0 = Release|Any CPU
		{6E90F7F6-60CD-4112-BCC6-87D6A6E5D8A0}.AppStore|iPhoneSimulator.ActiveCfg = Release|Any CPU
		{6E90F7F6-60CD-4112-BCC6-87D6A6E5D8A0}.AppStore|iPhoneSimulator.Build.0 = Release|Any CPU
		{6E90F7F6-60CD-4112-BCC6-87D6A6E5D8A0}.AppStore|iPhoneSimulator.Deploy.0 = Release|Any CPU
		{6E90F7F6-60CD-4112-BCC6-87D6A6E5D8A0}.Debug|Any CPU.ActiveCfg = Debug|Any CPU
		{6E90F7F6-60CD-4112-BCC6-87D6A6E5D8A0}.Debug|Any CPU.Build.0 = Debug|Any CPU
		{6E90F7F6-60CD-4112-BCC6-87D6A6E5D8A0}.Debug|Any CPU.Deploy.0 = Debug|Any CPU
		{6E90F7F6-60CD-4112-BCC6-87D6A6E5D8A0}.Debug|iPhone.ActiveCfg = Debug|Any CPU
		{6E90F7F6-60CD-4112-BCC6-87D6A6E5D8A0}.Debug|iPhone.Build.0 = Debug|Any CPU
		{6E90F7F6-60CD-4112-BCC6-87D6A6E5D8A0}.Debug|iPhone.Deploy.0 = Debug|Any CPU
		{6E90F7F6-60CD-4112-BCC6-87D6A6E5D8A0}.Debug|iPhoneSimulator.ActiveCfg = Debug|Any CPU
		{6E90F7F6-60CD-4112-BCC6-87D6A6E5D8A0}.Debug|iPhoneSimulator.Build.0 = Debug|Any CPU
		{6E90F7F6-60CD-4112-BCC6-87D6A6E5D8A0}.Debug|iPhoneSimulator.Deploy.0 = Debug|Any CPU
		{6E90F7F6-60CD-4112-BCC6-87D6A6E5D8A0}.Release|Any CPU.ActiveCfg = Release|Any CPU
		{6E90F7F6-60CD-4112-BCC6-87D6A6E5D8A0}.Release|Any CPU.Build.0 = Release|Any CPU
		{6E90F7F6-60CD-4112-BCC6-87D6A6E5D8A0}.Release|Any CPU.Deploy.0 = Release|Any CPU
		{6E90F7F6-60CD-4112-BCC6-87D6A6E5D8A0}.Release|iPhone.ActiveCfg = Release|Any CPU
		{6E90F7F6-60CD-4112-BCC6-87D6A6E5D8A0}.Release|iPhone.Build.0 = Release|Any CPU
		{6E90F7F6-60CD-4112-BCC6-87D6A6E5D8A0}.Release|iPhone.Deploy.0 = Release|Any CPU
		{6E90F7F6-60CD-4112-BCC6-87D6A6E5D8A0}.Release|iPhoneSimulator.ActiveCfg = Release|Any CPU
		{6E90F7F6-60CD-4112-BCC6-87D6A6E5D8A0}.Release|iPhoneSimulator.Build.0 = Release|Any CPU
		{6E90F7F6-60CD-4112-BCC6-87D6A6E5D8A0}.Release|iPhoneSimulator.Deploy.0 = Release|Any CPU
	EndGlobalSection
	GlobalSection(SolutionProperties) = preSolution
		HideSolutionNode = FALSE
	EndGlobalSection
EndGlobal
